
Microsoft Visual Studio Solution File, Format Version 12.00
# Visual Studio 2013
VisualStudioVersion = 12.0.40629.0
MinimumVisualStudioVersion = 10.0.40219.1
Project("{FAE04EC0-301F-11D3-BF4B-00C04F79EFBC}") = "AceEditor", "AceEditor\AceEditor.csproj", "{3EF72E15-B035-4243-AD68-7E662D05035E}"
EndProject
Project("{FAE04EC0-301F-11D3-BF4B-00C04F79EFBC}") = "LiveProgressMeter", "LiveProgressMeter\LiveProgressMeter.csproj", "{59B83D7F-E728-404B-9795-504496516B77}"
EndProject
Project("{FAE04EC0-301F-11D3-BF4B-00C04F79EFBC}") = "TableController", "TableController\TableController.csproj", "{CB11188B-E430-460E-B87A-C6C38C64869A}"
EndProject
Project("{FAE04EC0-301F-11D3-BF4B-00C04F79EFBC}") = "DragDropTaskOne", "DragDropTaskOne\DragDropTaskOne.csproj", "{A1ECD4E9-92D8-41D1-B158-9CA5E46F6449}"
EndProject
Project("{FAE04EC0-301F-11D3-BF4B-00C04F79EFBC}") = "Discussions", "Discussions\Discussions.csproj", "{21328542-1D30-4BF6-988A-6BF91525940C}"
EndProject
Project("{FAE04EC0-301F-11D3-BF4B-00C04F79EFBC}") = "QueryWizard", "QueryWizard\QueryWizard.csproj", "{2494A032-025A-43E2-9327-85844AAE7DFD}"
EndProject
Project("{FAE04EC0-301F-11D3-BF4B-00C04F79EFBC}") = "DragDropArtifactCreation", "DragDropArtifactCreation\DragDropArtifactCreation.csproj", "{44762186-0952-41E0-9FC5-0C810A01B66C}"
EndProject
Project("{FAE04EC0-301F-11D3-BF4B-00C04F79EFBC}") = "ImageDisplayWidget", "ImageDisplayWidget\ImageDisplayWidget.csproj", "{BE48040E-361E-44FB-B2B1-CDC4C1677609}"
EndProject
Project("{FAE04EC0-301F-11D3-BF4B-00C04F79EFBC}") = "ImageDisplay", "ImageDisplay\ImageDisplay.csproj", "{6E48BF82-24DE-4D09-BA42-9905AAFA7293}"
EndProject
Project("{E24C65DC-7377-472B-9ABA-BC803B73C61A}") = "GranttChart", "http://localhost:2430", "{0A376103-41A1-4975-9B1B-7853E900934A}"
	ProjectSection(WebsiteProperties) = preProject
		SccProjectName = "SAK"
		SccAuxPath = "SAK"
		SccLocalPath = "SAK"
		SccProvider = "SAK"
		UseIISExpress = "true"
		TargetFrameworkMoniker = ".NETFramework,Version%3Dv4.5"
		Debug.AspNetCompiler.VirtualPath = "/localhost_2430"
		Debug.AspNetCompiler.PhysicalPath = "GranttChart\"
		Debug.AspNetCompiler.TargetPath = "PrecompiledWeb\localhost_2430\"
		Debug.AspNetCompiler.Updateable = "true"
		Debug.AspNetCompiler.ForceOverwrite = "true"
		Debug.AspNetCompiler.FixedNames = "false"
		Debug.AspNetCompiler.Debug = "True"
		Release.AspNetCompiler.VirtualPath = "/localhost_2430"
		Release.AspNetCompiler.PhysicalPath = "GranttChart\"
		Release.AspNetCompiler.TargetPath = "PrecompiledWeb\localhost_2430\"
		Release.AspNetCompiler.Updateable = "true"
		Release.AspNetCompiler.ForceOverwrite = "true"
		Release.AspNetCompiler.FixedNames = "false"
		Release.AspNetCompiler.Debug = "False"
		SlnRelativePath = "GranttChart\"
		DefaultWebSiteLanguage = "Visual C#"
	EndProjectSection
EndProject
Global
	GlobalSection(TeamFoundationVersionControl) = preSolution
		SccNumberOfProjects = 11
		SccEnterpriseProvider = {4CA58AB2-18FA-4F8D-95D4-32DDF27D184C}
		SccTeamFoundationServer = https://d82krai.visualstudio.com/defaultcollection
		SccLocalPath0 = .
		SccProjectUniqueName1 = AceEditor\\AceEditor.csproj
		SccProjectName1 = AceEditor
		SccLocalPath1 = AceEditor
		SccProjectUniqueName2 = Discussions\\Discussions.csproj
		SccProjectName2 = Discussions
		SccLocalPath2 = Discussions
		SccProjectUniqueName3 = DragDropTaskOne\\DragDropTaskOne.csproj
		SccProjectName3 = DragDropTaskOne
		SccLocalPath3 = DragDropTaskOne
		SccProjectUniqueName4 = LiveProgressMeter\\LiveProgressMeter.csproj
		SccProjectName4 = LiveProgressMeter
		SccLocalPath4 = LiveProgressMeter
		SccProjectUniqueName5 = QueryWizard\\QueryWizard.csproj
		SccProjectName5 = QueryWizard
		SccLocalPath5 = QueryWizard
		SccProjectUniqueName6 = TableController\\TableController.csproj
		SccProjectName6 = TableController
		SccLocalPath6 = TableController
		SccProjectUniqueName7 = DragDropArtifactCreation\\DragDropArtifactCreation.csproj
		SccProjectName7 = DragDropArtifactCreation
		SccLocalPath7 = DragDropArtifactCreation
		SccProjectUniqueName8 = ImageDisplayWidget\\ImageDisplayWidget.csproj
		SccProjectName8 = ImageDisplayWidget
		SccLocalPath8 = ImageDisplayWidget
		SccProjectUniqueName9 = ImageDisplay\\ImageDisplay.csproj
		SccProjectName9 = ImageDisplay
		SccLocalPath9 = ImageDisplay
		SccWebProject10 = true
		SccProjectUniqueName10 = http://localhost:2430
		SccProjectName10 = GranttChart
		SccLocalPath10 = GranttChart
		SccProjectEnlistmentChoice10 = 2
	EndGlobalSection
	GlobalSection(SolutionConfigurationPlatforms) = preSolution
		Debug|Any CPU = Debug|Any CPU
		Release|Any CPU = Release|Any CPU
	EndGlobalSection
	GlobalSection(ProjectConfigurationPlatforms) = postSolution
		{3EF72E15-B035-4243-AD68-7E662D05035E}.Debug|Any CPU.ActiveCfg = Debug|Any CPU
		{3EF72E15-B035-4243-AD68-7E662D05035E}.Debug|Any CPU.Build.0 = Debug|Any CPU
		{3EF72E15-B035-4243-AD68-7E662D05035E}.Release|Any CPU.ActiveCfg = Release|Any CPU
		{3EF72E15-B035-4243-AD68-7E662D05035E}.Release|Any CPU.Build.0 = Release|Any CPU
		{59B83D7F-E728-404B-9795-504496516B77}.Debug|Any CPU.ActiveCfg = Debug|Any CPU
		{59B83D7F-E728-404B-9795-504496516B77}.Debug|Any CPU.Build.0 = Debug|Any CPU
		{59B83D7F-E728-404B-9795-504496516B77}.Release|Any CPU.ActiveCfg = Release|Any CPU
		{59B83D7F-E728-404B-9795-504496516B77}.Release|Any CPU.Build.0 = Release|Any CPU
		{CB11188B-E430-460E-B87A-C6C38C64869A}.Debug|Any CPU.ActiveCfg = Debug|Any CPU
		{CB11188B-E430-460E-B87A-C6C38C64869A}.Debug|Any CPU.Build.0 = Debug|Any CPU
		{CB11188B-E430-460E-B87A-C6C38C64869A}.Release|Any CPU.ActiveCfg = Release|Any CPU
		{CB11188B-E430-460E-B87A-C6C38C64869A}.Release|Any CPU.Build.0 = Release|Any CPU
		{A1ECD4E9-92D8-41D1-B158-9CA5E46F6449}.Debug|Any CPU.ActiveCfg = Debug|Any CPU
		{A1ECD4E9-92D8-41D1-B158-9CA5E46F6449}.Debug|Any CPU.Build.0 = Debug|Any CPU
		{A1ECD4E9-92D8-41D1-B158-9CA5E46F6449}.Release|Any CPU.ActiveCfg = Release|Any CPU
		{A1ECD4E9-92D8-41D1-B158-9CA5E46F6449}.Release|Any CPU.Build.0 = Release|Any CPU
		{21328542-1D30-4BF6-988A-6BF91525940C}.Debug|Any CPU.ActiveCfg = Debug|Any CPU
		{21328542-1D30-4BF6-988A-6BF91525940C}.Debug|Any CPU.Build.0 = Debug|Any CPU
		{21328542-1D30-4BF6-988A-6BF91525940C}.Release|Any CPU.ActiveCfg = Release|Any CPU
		{21328542-1D30-4BF6-988A-6BF91525940C}.Release|Any CPU.Build.0 = Release|Any CPU
		{2494A032-025A-43E2-9327-85844AAE7DFD}.Debug|Any CPU.ActiveCfg = Debug|Any CPU
		{2494A032-025A-43E2-9327-85844AAE7DFD}.Debug|Any CPU.Build.0 = Debug|Any CPU
		{2494A032-025A-43E2-9327-85844AAE7DFD}.Release|Any CPU.ActiveCfg = Release|Any CPU
		{2494A032-025A-43E2-9327-85844AAE7DFD}.Release|Any CPU.Build.0 = Release|Any CPU
		{44762186-0952-41E0-9FC5-0C810A01B66C}.Debug|Any CPU.ActiveCfg = Debug|Any CPU
		{44762186-0952-41E0-9FC5-0C810A01B66C}.Debug|Any CPU.Build.0 = Debug|Any CPU
		{44762186-0952-41E0-9FC5-0C810A01B66C}.Release|Any CPU.ActiveCfg = Release|Any CPU
		{44762186-0952-41E0-9FC5-0C810A01B66C}.Release|Any CPU.Build.0 = Release|Any CPU
		{BE48040E-361E-44FB-B2B1-CDC4C1677609}.Debug|Any CPU.ActiveCfg = Debug|Any CPU
		{BE48040E-361E-44FB-B2B1-CDC4C1677609}.Debug|Any CPU.Build.0 = Debug|Any CPU
		{BE48040E-361E-44FB-B2B1-CDC4C1677609}.Release|Any CPU.ActiveCfg = Release|Any CPU
		{BE48040E-361E-44FB-B2B1-CDC4C1677609}.Release|Any CPU.Build.0 = Release|Any CPU
		{6E48BF82-24DE-4D09-BA42-9905AAFA7293}.Debug|Any CPU.ActiveCfg = Debug|Any CPU
		{6E48BF82-24DE-4D09-BA42-9905AAFA7293}.Debug|Any CPU.Build.0 = Debug|Any CPU
		{6E48BF82-24DE-4D09-BA42-9905AAFA7293}.Release|Any CPU.ActiveCfg = Release|Any CPU
		{6E48BF82-24DE-4D09-BA42-9905AAFA7293}.Release|Any CPU.Build.0 = Release|Any CPU
		{0A376103-41A1-4975-9B1B-7853E900934A}.Debug|Any CPU.ActiveCfg = Debug|Any CPU
		{0A376103-41A1-4975-9B1B-7853E900934A}.Debug|Any CPU.Build.0 = Debug|Any CPU
		{0A376103-41A1-4975-9B1B-7853E900934A}.Release|Any CPU.ActiveCfg = Debug|Any CPU
		{0A376103-41A1-4975-9B1B-7853E900934A}.Release|Any CPU.Build.0 = Debug|Any CPU
	EndGlobalSection
	GlobalSection(SolutionProperties) = preSolution
		HideSolutionNode = FALSE
	EndGlobalSection
	GlobalSection(ExtensibilityGlobals) = postSolution
		VisualSVNWorkingCopyRoot = .
	EndGlobalSection
EndGlobal
